
Microsoft Visual Studio Solution File, Format Version 12.00
# Visual Studio Version 16
VisualStudioVersion = 16.0.31005.135
MinimumVisualStudioVersion = 10.0.40219.1
Project("{FAE04EC0-301F-11D3-BF4B-00C04F79EFBC}") = "KinoCMSAPI", "KinoCMSAPI\KinoCMSAPI.csproj", "{D4D74625-CC63-4EC7-8E8B-7418418FC6AD}"
EndProject
Global
	GlobalSection(SolutionConfigurationPlatforms) = preSolution
		Debug|Any CPU = Debug|Any CPU
		Release|Any CPU = Release|Any CPU
	EndGlobalSection
	GlobalSection(ProjectConfigurationPlatforms) = postSolution
		{D4D74625-CC63-4EC7-8E8B-7418418FC6AD}.Debug|Any CPU.ActiveCfg = Debug|Any CPU
		{D4D74625-CC63-4EC7-8E8B-7418418FC6AD}.Debug|Any CPU.Build.0 = Debug|Any CPU
		{D4D74625-CC63-4EC7-8E8B-7418418FC6AD}.Release|Any CPU.ActiveCfg = Release|Any CPU
		{D4D74625-CC63-4EC7-8E8B-7418418FC6AD}.Release|Any CPU.Build.0 = Release|Any CPU
	EndGlobalSection
	GlobalSection(SolutionProperties) = preSolution
		HideSolutionNode = FALSE
	EndGlobalSection
	GlobalSection(ExtensibilityGlobals) = postSolution
		SolutionGuid = {36CDF4CF-ABA0-4964-9B1C-61D2F28B4ABC}
	EndGlobalSection
EndGlobal
